
Microsoft Visual Studio Solution File, Format Version 12.00
# Visual Studio 2015
Project("{FAE04EC0-301F-11D3-BF4B-00C04F79EFBC}") = "War.CSharp", "War.CSharp.csproj", "{9700E3CD-C859-D6BA-CC5F-F06298B84FDF}"
EndProject
Global
	GlobalSection(SolutionConfigurationPlatforms) = preSolution
		Debug|Any CPU = Debug|Any CPU
		Release|Any CPU = Release|Any CPU
	EndGlobalSection
	GlobalSection(ProjectConfigurationPlatforms) = postSolution
		{9700E3CD-C859-D6BA-CC5F-F06298B84FDF}.Debug|Any CPU.ActiveCfg = Debug|Any CPU
		{9700E3CD-C859-D6BA-CC5F-F06298B84FDF}.Debug|Any CPU.Build.0 = Debug|Any CPU
		{9700E3CD-C859-D6BA-CC5F-F06298B84FDF}.Release|Any CPU.ActiveCfg = Release|Any CPU
		{9700E3CD-C859-D6BA-CC5F-F06298B84FDF}.Release|Any CPU.Build.0 = Release|Any CPU
	EndGlobalSection
	GlobalSection(SolutionProperties) = preSolution
		HideSolutionNode = FALSE
	EndGlobalSection
EndGlobal
